
Microsoft Visual Studio Solution File, Format Version 12.00
# Visual Studio Version 17
VisualStudioVersion = 17.14.37314.3
MinimumVisualStudioVersion = 10.0.40219.1
Project("{8BC9CEB8-8B4A-11D0-8D11-00A0C91BC942}") = "BrickRigsDedicatedServerSpoofer", "BrickRigsDedicatedServerSpoofer\BrickRigsDedicatedServerSpoofer.vcxproj", "{12544403-9F49-4053-A353-348F5D013A50}"
EndProject
Global
	GlobalSection(SolutionConfigurationPlatforms) = preSolution
		Dedicated|x64 = Dedicated|x64
		Dedicated|x86 = Dedicated|x86
		Headless|x64 = Headless|x64
		Headless|x86 = Headless|x86
		Release|x64 = Release|x64
		Release|x86 = Release|x86
		Spoof|x64 = Spoof|x64
		Spoof|x86 = Spoof|x86
	EndGlobalSection
	GlobalSection(ProjectConfigurationPlatforms) = postSolution
		{12544403-9F49-4053-A353-348F5D013A50}.Dedicated|x64.ActiveCfg = Dedicated|x64
		{12544403-9F49-4053-A353-348F5D013A50}.Dedicated|x64.Build.0 = Dedicated|x64
		{12544403-9F49-4053-A353-348F5D013A50}.Dedicated|x86.ActiveCfg = Release|Win32
		{12544403-9F49-4053-A353-348F5D013A50}.Dedicated|x86.Build.0 = Release|Win32
		{12544403-9F49-4053-A353-348F5D013A50}.Headless|x64.ActiveCfg = Headless|x64
		{12544403-9F49-4053-A353-348F5D013A50}.Headless|x64.Build.0 = Headless|x64
		{12544403-9F49-4053-A353-348F5D013A50}.Headless|x86.ActiveCfg = Release|Win32
		{12544403-9F49-4053-A353-348F5D013A50}.Headless|x86.Build.0 = Release|Win32
		{12544403-9F49-4053-A353-348F5D013A50}.Release|x64.ActiveCfg = Release|x64
		{12544403-9F49-4053-A353-348F5D013A50}.Release|x64.Build.0 = Release|x64
		{12544403-9F49-4053-A353-348F5D013A50}.Release|x86.ActiveCfg = Release|Win32
		{12544403-9F49-4053-A353-348F5D013A50}.Release|x86.Build.0 = Release|Win32
		{12544403-9F49-4053-A353-348F5D013A50}.Spoof|x64.ActiveCfg = Spoof|x64
		{12544403-9F49-4053-A353-348F5D013A50}.Spoof|x64.Build.0 = Spoof|x64
		{12544403-9F49-4053-A353-348F5D013A50}.Spoof|x86.ActiveCfg = Release|Win32
		{12544403-9F49-4053-A353-348F5D013A50}.Spoof|x86.Build.0 = Release|Win32
	EndGlobalSection
	GlobalSection(SolutionProperties) = preSolution
		HideSolutionNode = FALSE
	EndGlobalSection
	GlobalSection(ExtensibilityGlobals) = postSolution
		SolutionGuid = {A98C1281-220E-4EFB-AF80-06F7B4DE701F}
	EndGlobalSection
EndGlobal
